
Microsoft Visual Studio Solution File, Format Version 12.00
# Visual Studio Version 16
VisualStudioVersion = 16.0.31019.35
MinimumVisualStudioVersion = 10.0.40219.1
Project("{FAE04EC0-301F-11D3-BF4B-00C04F79EFBC}") = "Chap15App", "Chap15App\Chap15App.csproj", "{AAE6D020-6AFF-4FD8-B170-353332940C1A}"
EndProject
Global
	GlobalSection(SolutionConfigurationPlatforms) = preSolution
		Debug|Any CPU = Debug|Any CPU
		Release|Any CPU = Release|Any CPU
	EndGlobalSection
	GlobalSection(ProjectConfigurationPlatforms) = postSolution
		{AAE6D020-6AFF-4FD8-B170-353332940C1A}.Debug|Any CPU.ActiveCfg = Debug|Any CPU
		{AAE6D020-6AFF-4FD8-B170-353332940C1A}.Debug|Any CPU.Build.0 = Debug|Any CPU
		{AAE6D020-6AFF-4FD8-B170-353332940C1A}.Release|Any CPU.ActiveCfg = Release|Any CPU
		{AAE6D020-6AFF-4FD8-B170-353332940C1A}.Release|Any CPU.Build.0 = Release|Any CPU
	EndGlobalSection
	GlobalSection(SolutionProperties) = preSolution
		HideSolutionNode = FALSE
	EndGlobalSection
	GlobalSection(ExtensibilityGlobals) = postSolution
		SolutionGuid = {B1799CEE-9041-4A18-91D2-FEE2720C9DBF}
	EndGlobalSection
EndGlobal
