
Microsoft Visual Studio Solution File, Format Version 12.00
# Visual Studio Version 16
VisualStudioVersion = 16.0.31019.35
MinimumVisualStudioVersion = 10.0.40219.1
Project("{FAE04EC0-301F-11D3-BF4B-00C04F79EFBC}") = "Chap18App", "Chap18App\Chap18App.csproj", "{C1C65236-59CD-424E-92F1-F036C5F049E2}"
EndProject
Project("{FAE04EC0-301F-11D3-BF4B-00C04F79EFBC}") = "StringBuilderApp", "StringBuilderApp\StringBuilderApp.csproj", "{C56BFA1C-DA9C-4AB7-A576-97B7822A4076}"
EndProject
Project("{FAE04EC0-301F-11D3-BF4B-00C04F79EFBC}") = "DirectoryInfoApp", "DirectoryInfoApp\DirectoryInfoApp.csproj", "{9F1A7543-B9B5-4CC6-9D40-9A2C8F0F7BB9}"
EndProject
Project("{FAE04EC0-301F-11D3-BF4B-00C04F79EFBC}") = "GenDirFileApp", "GenDirFileApp\GenDirFileApp.csproj", "{5EC7C091-9F57-444E-B98D-FF6BEDE0A3D9}"
EndProject
Project("{FAE04EC0-301F-11D3-BF4B-00C04F79EFBC}") = "TextFileApp", "TextFileApp\TextFileApp.csproj", "{E112CDED-F3AC-4E74-860B-382F2D90DE18}"
EndProject
Global
	GlobalSection(SolutionConfigurationPlatforms) = preSolution
		Debug|Any CPU = Debug|Any CPU
		Release|Any CPU = Release|Any CPU
	EndGlobalSection
	GlobalSection(ProjectConfigurationPlatforms) = postSolution
		{C1C65236-59CD-424E-92F1-F036C5F049E2}.Debug|Any CPU.ActiveCfg = Debug|Any CPU
		{C1C65236-59CD-424E-92F1-F036C5F049E2}.Debug|Any CPU.Build.0 = Debug|Any CPU
		{C1C65236-59CD-424E-92F1-F036C5F049E2}.Release|Any CPU.ActiveCfg = Release|Any CPU
		{C1C65236-59CD-424E-92F1-F036C5F049E2}.Release|Any CPU.Build.0 = Release|Any CPU
		{C56BFA1C-DA9C-4AB7-A576-97B7822A4076}.Debug|Any CPU.ActiveCfg = Debug|Any CPU
		{C56BFA1C-DA9C-4AB7-A576-97B7822A4076}.Debug|Any CPU.Build.0 = Debug|Any CPU
		{C56BFA1C-DA9C-4AB7-A576-97B7822A4076}.Release|Any CPU.ActiveCfg = Release|Any CPU
		{C56BFA1C-DA9C-4AB7-A576-97B7822A4076}.Release|Any CPU.Build.0 = Release|Any CPU
		{9F1A7543-B9B5-4CC6-9D40-9A2C8F0F7BB9}.Debug|Any CPU.ActiveCfg = Debug|Any CPU
		{9F1A7543-B9B5-4CC6-9D40-9A2C8F0F7BB9}.Debug|Any CPU.Build.0 = Debug|Any CPU
		{9F1A7543-B9B5-4CC6-9D40-9A2C8F0F7BB9}.Release|Any CPU.ActiveCfg = Release|Any CPU
		{9F1A7543-B9B5-4CC6-9D40-9A2C8F0F7BB9}.Release|Any CPU.Build.0 = Release|Any CPU
		{5EC7C091-9F57-444E-B98D-FF6BEDE0A3D9}.Debug|Any CPU.ActiveCfg = Debug|Any CPU
		{5EC7C091-9F57-444E-B98D-FF6BEDE0A3D9}.Debug|Any CPU.Build.0 = Debug|Any CPU
		{5EC7C091-9F57-444E-B98D-FF6BEDE0A3D9}.Release|Any CPU.ActiveCfg = Release|Any CPU
		{5EC7C091-9F57-444E-B98D-FF6BEDE0A3D9}.Release|Any CPU.Build.0 = Release|Any CPU
		{E112CDED-F3AC-4E74-860B-382F2D90DE18}.Debug|Any CPU.ActiveCfg = Debug|Any CPU
		{E112CDED-F3AC-4E74-860B-382F2D90DE18}.Debug|Any CPU.Build.0 = Debug|Any CPU
		{E112CDED-F3AC-4E74-860B-382F2D90DE18}.Release|Any CPU.ActiveCfg = Release|Any CPU
		{E112CDED-F3AC-4E74-860B-382F2D90DE18}.Release|Any CPU.Build.0 = Release|Any CPU
	EndGlobalSection
	GlobalSection(SolutionProperties) = preSolution
		HideSolutionNode = FALSE
	EndGlobalSection
	GlobalSection(ExtensibilityGlobals) = postSolution
		SolutionGuid = {B3623C71-A23A-476D-AF68-CF7FDDD93525}
	EndGlobalSection
EndGlobal
