
Microsoft Visual Studio Solution File, Format Version 12.00
# Visual Studio Version 16
VisualStudioVersion = 16.0.31019.35
MinimumVisualStudioVersion = 10.0.40219.1
Project("{FAE04EC0-301F-11D3-BF4B-00C04F79EFBC}") = "AddressBookApp", "AddressBookApp\AddressBookApp.csproj", "{A56A5B21-5D56-4269-AC38-EB425CC08779}"
EndProject
Global
	GlobalSection(SolutionConfigurationPlatforms) = preSolution
		Debug|Any CPU = Debug|Any CPU
		Release|Any CPU = Release|Any CPU
	EndGlobalSection
	GlobalSection(ProjectConfigurationPlatforms) = postSolution
		{A56A5B21-5D56-4269-AC38-EB425CC08779}.Debug|Any CPU.ActiveCfg = Debug|Any CPU
		{A56A5B21-5D56-4269-AC38-EB425CC08779}.Debug|Any CPU.Build.0 = Debug|Any CPU
		{A56A5B21-5D56-4269-AC38-EB425CC08779}.Release|Any CPU.ActiveCfg = Release|Any CPU
		{A56A5B21-5D56-4269-AC38-EB425CC08779}.Release|Any CPU.Build.0 = Release|Any CPU
	EndGlobalSection
	GlobalSection(SolutionProperties) = preSolution
		HideSolutionNode = FALSE
	EndGlobalSection
	GlobalSection(ExtensibilityGlobals) = postSolution
		SolutionGuid = {8DA1E73A-DE5C-4AD9-BED6-948C97D362BC}
	EndGlobalSection
EndGlobal
