
Microsoft Visual Studio Solution File, Format Version 12.00
# Visual Studio Version 16
VisualStudioVersion = 16.0.30907.101
MinimumVisualStudioVersion = 10.0.40219.1
Project("{FAE04EC0-301F-11D3-BF4B-00C04F79EFBC}") = "Chap03App", "Chap03App\Chap03App.csproj", "{D55D6D54-7DB6-45C9-A1CC-57CEA1F427AC}"
EndProject
Project("{FAE04EC0-301F-11D3-BF4B-00C04F79EFBC}") = "VariableTestApp", "VariableTestApp\VariableTestApp.csproj", "{AE971C42-EBAF-4337-ABAF-70544699797F}"
EndProject
Project("{FAE04EC0-301F-11D3-BF4B-00C04F79EFBC}") = "HelloWorldApp", "HelloWorldApp\HelloWorldApp.csproj", "{5F241AB8-8EE3-4D0B-ACCB-7C6821F17D4C}"
EndProject
Project("{FAE04EC0-301F-11D3-BF4B-00C04F79EFBC}") = "CharTestApp", "CharTestApp\CharTestApp.csproj", "{4C242850-4206-4D19-985C-424F9E341154}"
EndProject
Project("{FAE04EC0-301F-11D3-BF4B-00C04F79EFBC}") = "ArrayTestApp", "ArrayTestApp\ArrayTestApp.csproj", "{05A8BB4F-49BF-42DE-9140-7AF1D1869BD4}"
EndProject
Project("{FAE04EC0-301F-11D3-BF4B-00C04F79EFBC}") = "intConversionApp", "intConversionApp\intConversionApp.csproj", "{0E5AB4A1-0C03-42B0-ABAD-518328121687}"
EndProject
Project("{FAE04EC0-301F-11D3-BF4B-00C04F79EFBC}") = "ConstTestApp", "ConstTestApp\ConstTestApp.csproj", "{D43759A9-51C1-4B5F-98F1-EBC6E9CB8BE8}"
EndProject
Project("{FAE04EC0-301F-11D3-BF4B-00C04F79EFBC}") = "VarTestApp", "VarTestApp\VarTestApp.csproj", "{51F10887-1D63-443C-AF7E-3D766E6D0819}"
EndProject
Global
	GlobalSection(SolutionConfigurationPlatforms) = preSolution
		Debug|Any CPU = Debug|Any CPU
		Release|Any CPU = Release|Any CPU
	EndGlobalSection
	GlobalSection(ProjectConfigurationPlatforms) = postSolution
		{D55D6D54-7DB6-45C9-A1CC-57CEA1F427AC}.Debug|Any CPU.ActiveCfg = Debug|Any CPU
		{D55D6D54-7DB6-45C9-A1CC-57CEA1F427AC}.Debug|Any CPU.Build.0 = Debug|Any CPU
		{D55D6D54-7DB6-45C9-A1CC-57CEA1F427AC}.Release|Any CPU.ActiveCfg = Release|Any CPU
		{D55D6D54-7DB6-45C9-A1CC-57CEA1F427AC}.Release|Any CPU.Build.0 = Release|Any CPU
		{AE971C42-EBAF-4337-ABAF-70544699797F}.Debug|Any CPU.ActiveCfg = Debug|Any CPU
		{AE971C42-EBAF-4337-ABAF-70544699797F}.Debug|Any CPU.Build.0 = Debug|Any CPU
		{AE971C42-EBAF-4337-ABAF-70544699797F}.Release|Any CPU.ActiveCfg = Release|Any CPU
		{AE971C42-EBAF-4337-ABAF-70544699797F}.Release|Any CPU.Build.0 = Release|Any CPU
		{5F241AB8-8EE3-4D0B-ACCB-7C6821F17D4C}.Debug|Any CPU.ActiveCfg = Debug|Any CPU
		{5F241AB8-8EE3-4D0B-ACCB-7C6821F17D4C}.Debug|Any CPU.Build.0 = Debug|Any CPU
		{5F241AB8-8EE3-4D0B-ACCB-7C6821F17D4C}.Release|Any CPU.ActiveCfg = Release|Any CPU
		{5F241AB8-8EE3-4D0B-ACCB-7C6821F17D4C}.Release|Any CPU.Build.0 = Release|Any CPU
		{4C242850-4206-4D19-985C-424F9E341154}.Debug|Any CPU.ActiveCfg = Debug|Any CPU
		{4C242850-4206-4D19-985C-424F9E341154}.Debug|Any CPU.Build.0 = Debug|Any CPU
		{4C242850-4206-4D19-985C-424F9E341154}.Release|Any CPU.ActiveCfg = Release|Any CPU
		{4C242850-4206-4D19-985C-424F9E341154}.Release|Any CPU.Build.0 = Release|Any CPU
		{05A8BB4F-49BF-42DE-9140-7AF1D1869BD4}.Debug|Any CPU.ActiveCfg = Debug|Any CPU
		{05A8BB4F-49BF-42DE-9140-7AF1D1869BD4}.Debug|Any CPU.Build.0 = Debug|Any CPU
		{05A8BB4F-49BF-42DE-9140-7AF1D1869BD4}.Release|Any CPU.ActiveCfg = Release|Any CPU
		{05A8BB4F-49BF-42DE-9140-7AF1D1869BD4}.Release|Any CPU.Build.0 = Release|Any CPU
		{0E5AB4A1-0C03-42B0-ABAD-518328121687}.Debug|Any CPU.ActiveCfg = Debug|Any CPU
		{0E5AB4A1-0C03-42B0-ABAD-518328121687}.Debug|Any CPU.Build.0 = Debug|Any CPU
		{0E5AB4A1-0C03-42B0-ABAD-518328121687}.Release|Any CPU.ActiveCfg = Release|Any CPU
		{0E5AB4A1-0C03-42B0-ABAD-518328121687}.Release|Any CPU.Build.0 = Release|Any CPU
		{D43759A9-51C1-4B5F-98F1-EBC6E9CB8BE8}.Debug|Any CPU.ActiveCfg = Debug|Any CPU
		{D43759A9-51C1-4B5F-98F1-EBC6E9CB8BE8}.Debug|Any CPU.Build.0 = Debug|Any CPU
		{D43759A9-51C1-4B5F-98F1-EBC6E9CB8BE8}.Release|Any CPU.ActiveCfg = Release|Any CPU
		{D43759A9-51C1-4B5F-98F1-EBC6E9CB8BE8}.Release|Any CPU.Build.0 = Release|Any CPU
		{51F10887-1D63-443C-AF7E-3D766E6D0819}.Debug|Any CPU.ActiveCfg = Debug|Any CPU
		{51F10887-1D63-443C-AF7E-3D766E6D0819}.Debug|Any CPU.Build.0 = Debug|Any CPU
		{51F10887-1D63-443C-AF7E-3D766E6D0819}.Release|Any CPU.ActiveCfg = Release|Any CPU
		{51F10887-1D63-443C-AF7E-3D766E6D0819}.Release|Any CPU.Build.0 = Release|Any CPU
	EndGlobalSection
	GlobalSection(SolutionProperties) = preSolution
		HideSolutionNode = FALSE
	EndGlobalSection
	GlobalSection(ExtensibilityGlobals) = postSolution
		SolutionGuid = {5FB5F5F9-053A-4404-8F5E-3B9B026679AC}
	EndGlobalSection
EndGlobal
