
Microsoft Visual Studio Solution File, Format Version 12.00
# Visual Studio Version 16
VisualStudioVersion = 16.0.30907.101
MinimumVisualStudioVersion = 10.0.40219.1
Project("{9A19103F-16F7-4668-BE54-9A1E7A4F7556}") = "Chap07App", "Chap07App\Chap07App.csproj", "{40CE383B-C3C6-4E94-B3B0-8E63B421B4CA}"
EndProject
Project("{FAE04EC0-301F-11D3-BF4B-00C04F79EFBC}") = "CalcTestApp", "CalcTestApp\CalcTestApp.csproj", "{DFFE0185-82A1-403B-A4DE-6A3789CA8722}"
EndProject
Project("{FAE04EC0-301F-11D3-BF4B-00C04F79EFBC}") = "StaticTestApp", "StaticTestApp\StaticTestApp.csproj", "{141F537A-89CC-4710-B51C-A9D0A7CE958B}"
EndProject
Project("{FAE04EC0-301F-11D3-BF4B-00C04F79EFBC}") = "AccessModifierTestApp", "AccessModifierTestApp\AccessModifierTestApp.csproj", "{08154E90-9BC1-420E-B0CD-A0FA2670FCFA}"
EndProject
Project("{FAE04EC0-301F-11D3-BF4B-00C04F79EFBC}") = "InheritTestApp", "InheritTestApp\InheritTestApp.csproj", "{0A71CDCA-FF21-45E1-B007-D7C146C72FA9}"
EndProject
Project("{FAE04EC0-301F-11D3-BF4B-00C04F79EFBC}") = "ClassTypeCastApp", "ClassTypeCastApp\ClassTypeCastApp.csproj", "{69BAED38-764C-439A-80B4-A77F738628F6}"
EndProject
Project("{FAE04EC0-301F-11D3-BF4B-00C04F79EFBC}") = "OverrideTestApp", "OverrideTestApp\OverrideTestApp.csproj", "{E4848CC5-51C9-4170-A1DA-E85FF2FC2780}"
EndProject
Project("{FAE04EC0-301F-11D3-BF4B-00C04F79EFBC}") = "PartialClassApp", "PartialClassApp\PartialClassApp.csproj", "{826459CB-2EC0-40C1-B983-253CEB04094A}"
EndProject
Project("{FAE04EC0-301F-11D3-BF4B-00C04F79EFBC}") = "NewInheritTestApp", "NewInheritTestApp\NewInheritTestApp.csproj", "{611C0797-D473-4DF4-8C85-22DB417DAD67}"
EndProject
Project("{FAE04EC0-301F-11D3-BF4B-00C04F79EFBC}") = "NewTypeCastApp", "NewTypeCastApp\NewTypeCastApp.csproj", "{CEB07B8F-9D37-4F92-90CF-AA3FB77E4960}"
EndProject
Project("{FAE04EC0-301F-11D3-BF4B-00C04F79EFBC}") = "NewOverrideTestApp", "NewOverrideTestApp\NewOverrideTestApp.csproj", "{0878AC24-3612-41DC-B886-0865AD50D7C3}"
EndProject
Project("{FAE04EC0-301F-11D3-BF4B-00C04F79EFBC}") = "TupleTestApp", "TupleTestApp\TupleTestApp.csproj", "{05CB26C0-B788-4712-8BDB-E2A092C17DA1}"
EndProject
Global
	GlobalSection(SolutionConfigurationPlatforms) = preSolution
		Debug|Any CPU = Debug|Any CPU
		Release|Any CPU = Release|Any CPU
	EndGlobalSection
	GlobalSection(ProjectConfigurationPlatforms) = postSolution
		{40CE383B-C3C6-4E94-B3B0-8E63B421B4CA}.Debug|Any CPU.ActiveCfg = Debug|Any CPU
		{40CE383B-C3C6-4E94-B3B0-8E63B421B4CA}.Debug|Any CPU.Build.0 = Debug|Any CPU
		{40CE383B-C3C6-4E94-B3B0-8E63B421B4CA}.Release|Any CPU.ActiveCfg = Release|Any CPU
		{40CE383B-C3C6-4E94-B3B0-8E63B421B4CA}.Release|Any CPU.Build.0 = Release|Any CPU
		{DFFE0185-82A1-403B-A4DE-6A3789CA8722}.Debug|Any CPU.ActiveCfg = Debug|Any CPU
		{DFFE0185-82A1-403B-A4DE-6A3789CA8722}.Debug|Any CPU.Build.0 = Debug|Any CPU
		{DFFE0185-82A1-403B-A4DE-6A3789CA8722}.Release|Any CPU.ActiveCfg = Release|Any CPU
		{DFFE0185-82A1-403B-A4DE-6A3789CA8722}.Release|Any CPU.Build.0 = Release|Any CPU
		{141F537A-89CC-4710-B51C-A9D0A7CE958B}.Debug|Any CPU.ActiveCfg = Debug|Any CPU
		{141F537A-89CC-4710-B51C-A9D0A7CE958B}.Debug|Any CPU.Build.0 = Debug|Any CPU
		{141F537A-89CC-4710-B51C-A9D0A7CE958B}.Release|Any CPU.ActiveCfg = Release|Any CPU
		{141F537A-89CC-4710-B51C-A9D0A7CE958B}.Release|Any CPU.Build.0 = Release|Any CPU
		{08154E90-9BC1-420E-B0CD-A0FA2670FCFA}.Debug|Any CPU.ActiveCfg = Debug|Any CPU
		{08154E90-9BC1-420E-B0CD-A0FA2670FCFA}.Debug|Any CPU.Build.0 = Debug|Any CPU
		{08154E90-9BC1-420E-B0CD-A0FA2670FCFA}.Release|Any CPU.ActiveCfg = Release|Any CPU
		{08154E90-9BC1-420E-B0CD-A0FA2670FCFA}.Release|Any CPU.Build.0 = Release|Any CPU
		{0A71CDCA-FF21-45E1-B007-D7C146C72FA9}.Debug|Any CPU.ActiveCfg = Debug|Any CPU
		{0A71CDCA-FF21-45E1-B007-D7C146C72FA9}.Debug|Any CPU.Build.0 = Debug|Any CPU
		{0A71CDCA-FF21-45E1-B007-D7C146C72FA9}.Release|Any CPU.ActiveCfg = Release|Any CPU
		{0A71CDCA-FF21-45E1-B007-D7C146C72FA9}.Release|Any CPU.Build.0 = Release|Any CPU
		{69BAED38-764C-439A-80B4-A77F738628F6}.Debug|Any CPU.ActiveCfg = Debug|Any CPU
		{69BAED38-764C-439A-80B4-A77F738628F6}.Debug|Any CPU.Build.0 = Debug|Any CPU
		{69BAED38-764C-439A-80B4-A77F738628F6}.Release|Any CPU.ActiveCfg = Release|Any CPU
		{69BAED38-764C-439A-80B4-A77F738628F6}.Release|Any CPU.Build.0 = Release|Any CPU
		{E4848CC5-51C9-4170-A1DA-E85FF2FC2780}.Debug|Any CPU.ActiveCfg = Debug|Any CPU
		{E4848CC5-51C9-4170-A1DA-E85FF2FC2780}.Debug|Any CPU.Build.0 = Debug|Any CPU
		{E4848CC5-51C9-4170-A1DA-E85FF2FC2780}.Release|Any CPU.ActiveCfg = Release|Any CPU
		{E4848CC5-51C9-4170-A1DA-E85FF2FC2780}.Release|Any CPU.Build.0 = Release|Any CPU
		{826459CB-2EC0-40C1-B983-253CEB04094A}.Debug|Any CPU.ActiveCfg = Debug|Any CPU
		{826459CB-2EC0-40C1-B983-253CEB04094A}.Debug|Any CPU.Build.0 = Debug|Any CPU
		{826459CB-2EC0-40C1-B983-253CEB04094A}.Release|Any CPU.ActiveCfg = Release|Any CPU
		{826459CB-2EC0-40C1-B983-253CEB04094A}.Release|Any CPU.Build.0 = Release|Any CPU
		{611C0797-D473-4DF4-8C85-22DB417DAD67}.Debug|Any CPU.ActiveCfg = Debug|Any CPU
		{611C0797-D473-4DF4-8C85-22DB417DAD67}.Debug|Any CPU.Build.0 = Debug|Any CPU
		{611C0797-D473-4DF4-8C85-22DB417DAD67}.Release|Any CPU.ActiveCfg = Release|Any CPU
		{611C0797-D473-4DF4-8C85-22DB417DAD67}.Release|Any CPU.Build.0 = Release|Any CPU
		{CEB07B8F-9D37-4F92-90CF-AA3FB77E4960}.Debug|Any CPU.ActiveCfg = Debug|Any CPU
		{CEB07B8F-9D37-4F92-90CF-AA3FB77E4960}.Debug|Any CPU.Build.0 = Debug|Any CPU
		{CEB07B8F-9D37-4F92-90CF-AA3FB77E4960}.Release|Any CPU.ActiveCfg = Release|Any CPU
		{CEB07B8F-9D37-4F92-90CF-AA3FB77E4960}.Release|Any CPU.Build.0 = Release|Any CPU
		{0878AC24-3612-41DC-B886-0865AD50D7C3}.Debug|Any CPU.ActiveCfg = Debug|Any CPU
		{0878AC24-3612-41DC-B886-0865AD50D7C3}.Debug|Any CPU.Build.0 = Debug|Any CPU
		{0878AC24-3612-41DC-B886-0865AD50D7C3}.Release|Any CPU.ActiveCfg = Release|Any CPU
		{0878AC24-3612-41DC-B886-0865AD50D7C3}.Release|Any CPU.Build.0 = Release|Any CPU
		{05CB26C0-B788-4712-8BDB-E2A092C17DA1}.Debug|Any CPU.ActiveCfg = Debug|Any CPU
		{05CB26C0-B788-4712-8BDB-E2A092C17DA1}.Debug|Any CPU.Build.0 = Debug|Any CPU
		{05CB26C0-B788-4712-8BDB-E2A092C17DA1}.Release|Any CPU.ActiveCfg = Release|Any CPU
		{05CB26C0-B788-4712-8BDB-E2A092C17DA1}.Release|Any CPU.Build.0 = Release|Any CPU
	EndGlobalSection
	GlobalSection(SolutionProperties) = preSolution
		HideSolutionNode = FALSE
	EndGlobalSection
	GlobalSection(ExtensibilityGlobals) = postSolution
		SolutionGuid = {6417C781-F446-4970-863B-CCE840F1BF39}
	EndGlobalSection
EndGlobal
