
Microsoft Visual Studio Solution File, Format Version 12.00
# Visual Studio Version 16
VisualStudioVersion = 16.0.31019.35
MinimumVisualStudioVersion = 10.0.40219.1
Project("{FAE04EC0-301F-11D3-BF4B-00C04F79EFBC}") = "Chap11APp", "Chap11APp\Chap11APp.csproj", "{2F6173BF-77FB-44C5-8016-DF7982CF5F18}"
EndProject
Project("{FAE04EC0-301F-11D3-BF4B-00C04F79EFBC}") = "GenericCopyArrayApp", "GenericCopyArrayApp\GenericCopyArrayApp.csproj", "{2FF15103-543C-414B-AC7B-D2F141454A41}"
EndProject
Project("{FAE04EC0-301F-11D3-BF4B-00C04F79EFBC}") = "GenericClassApp", "GenericClassApp\GenericClassApp.csproj", "{BAC393CF-A019-4ABB-AF5A-1FF8991B3A59}"
EndProject
Project("{FAE04EC0-301F-11D3-BF4B-00C04F79EFBC}") = "GenericListApp", "GenericListApp\GenericListApp.csproj", "{27F14D8D-7346-4B34-B3E1-A4EB4352B91B}"
EndProject
Project("{FAE04EC0-301F-11D3-BF4B-00C04F79EFBC}") = "DictionaryApp", "DictionaryApp\DictionaryApp.csproj", "{AF6F8095-0E61-491A-A89F-E6AA8F1C6860}"
EndProject
Global
	GlobalSection(SolutionConfigurationPlatforms) = preSolution
		Debug|Any CPU = Debug|Any CPU
		Release|Any CPU = Release|Any CPU
	EndGlobalSection
	GlobalSection(ProjectConfigurationPlatforms) = postSolution
		{2F6173BF-77FB-44C5-8016-DF7982CF5F18}.Debug|Any CPU.ActiveCfg = Debug|Any CPU
		{2F6173BF-77FB-44C5-8016-DF7982CF5F18}.Debug|Any CPU.Build.0 = Debug|Any CPU
		{2F6173BF-77FB-44C5-8016-DF7982CF5F18}.Release|Any CPU.ActiveCfg = Release|Any CPU
		{2F6173BF-77FB-44C5-8016-DF7982CF5F18}.Release|Any CPU.Build.0 = Release|Any CPU
		{2FF15103-543C-414B-AC7B-D2F141454A41}.Debug|Any CPU.ActiveCfg = Debug|Any CPU
		{2FF15103-543C-414B-AC7B-D2F141454A41}.Debug|Any CPU.Build.0 = Debug|Any CPU
		{2FF15103-543C-414B-AC7B-D2F141454A41}.Release|Any CPU.ActiveCfg = Release|Any CPU
		{2FF15103-543C-414B-AC7B-D2F141454A41}.Release|Any CPU.Build.0 = Release|Any CPU
		{BAC393CF-A019-4ABB-AF5A-1FF8991B3A59}.Debug|Any CPU.ActiveCfg = Debug|Any CPU
		{BAC393CF-A019-4ABB-AF5A-1FF8991B3A59}.Debug|Any CPU.Build.0 = Debug|Any CPU
		{BAC393CF-A019-4ABB-AF5A-1FF8991B3A59}.Release|Any CPU.ActiveCfg = Release|Any CPU
		{BAC393CF-A019-4ABB-AF5A-1FF8991B3A59}.Release|Any CPU.Build.0 = Release|Any CPU
		{27F14D8D-7346-4B34-B3E1-A4EB4352B91B}.Debug|Any CPU.ActiveCfg = Debug|Any CPU
		{27F14D8D-7346-4B34-B3E1-A4EB4352B91B}.Debug|Any CPU.Build.0 = Debug|Any CPU
		{27F14D8D-7346-4B34-B3E1-A4EB4352B91B}.Release|Any CPU.ActiveCfg = Release|Any CPU
		{27F14D8D-7346-4B34-B3E1-A4EB4352B91B}.Release|Any CPU.Build.0 = Release|Any CPU
		{AF6F8095-0E61-491A-A89F-E6AA8F1C6860}.Debug|Any CPU.ActiveCfg = Debug|Any CPU
		{AF6F8095-0E61-491A-A89F-E6AA8F1C6860}.Debug|Any CPU.Build.0 = Debug|Any CPU
		{AF6F8095-0E61-491A-A89F-E6AA8F1C6860}.Release|Any CPU.ActiveCfg = Release|Any CPU
		{AF6F8095-0E61-491A-A89F-E6AA8F1C6860}.Release|Any CPU.Build.0 = Release|Any CPU
	EndGlobalSection
	GlobalSection(SolutionProperties) = preSolution
		HideSolutionNode = FALSE
	EndGlobalSection
	GlobalSection(ExtensibilityGlobals) = postSolution
		SolutionGuid = {805CE843-9D39-4102-A45B-409C7C1D5D54}
	EndGlobalSection
EndGlobal
